
Microsoft Visual Studio Solution File, Format Version 12.00
# Visual Studio 15
VisualStudioVersion = 15.0.26403.3
MinimumVisualStudioVersion = 10.0.40219.1
Project("{FAE04EC0-301F-11D3-BF4B-00C04F79EFBC}") = "单例模式", "单例模式\单例模式.csproj", "{DB21A8D2-3FF6-4241-955F-3F05BD573A23}"
EndProject
Project("{FAE04EC0-301F-11D3-BF4B-00C04F79EFBC}") = "简单工厂模式", "简单工厂模式\简单工厂模式.csproj", "{23C693C7-EE57-4743-80F3-5062857738D4}"
EndProject
Project("{FAE04EC0-301F-11D3-BF4B-00C04F79EFBC}") = "工厂方法模式", "工厂方法模式\工厂方法模式.csproj", "{C81ECFD0-FE23-4D11-9177-604AD96FD1EF}"
EndProject
Project("{FAE04EC0-301F-11D3-BF4B-00C04F79EFBC}") = "观察者模式", "观察者模式\观察者模式.csproj", "{25E02F6C-BEE4-496B-AEB8-09CD9E3C2DFE}"
EndProject
Project("{FAE04EC0-301F-11D3-BF4B-00C04F79EFBC}") = "桥接模式", "桥接模式\桥接模式.csproj", "{17B638F4-E65F-41B5-B666-B9A27F1A4A5C}"
EndProject
Project("{9A19103F-16F7-4668-BE54-9A1E7A4F7556}") = "test", "test\test.csproj", "{8D24762C-4942-43ED-A272-FFAE7FEC1299}"
EndProject
Project("{FAE04EC0-301F-11D3-BF4B-00C04F79EFBC}") = "责任链模式", "责任链模式\责任链模式.csproj", "{D7D7644C-8143-4354-85C4-2940CCC97DDC}"
EndProject
Project("{FAE04EC0-301F-11D3-BF4B-00C04F79EFBC}") = "命令模式", "命令模式\命令模式.csproj", "{C8DB76E9-8BAE-4A6F-81D4-F17ADBBF2245}"
EndProject
Global
	GlobalSection(SolutionConfigurationPlatforms) = preSolution
		Debug|Any CPU = Debug|Any CPU
		Release|Any CPU = Release|Any CPU
	EndGlobalSection
	GlobalSection(ProjectConfigurationPlatforms) = postSolution
		{DB21A8D2-3FF6-4241-955F-3F05BD573A23}.Debug|Any CPU.ActiveCfg = Debug|Any CPU
		{DB21A8D2-3FF6-4241-955F-3F05BD573A23}.Debug|Any CPU.Build.0 = Debug|Any CPU
		{DB21A8D2-3FF6-4241-955F-3F05BD573A23}.Release|Any CPU.ActiveCfg = Release|Any CPU
		{DB21A8D2-3FF6-4241-955F-3F05BD573A23}.Release|Any CPU.Build.0 = Release|Any CPU
		{23C693C7-EE57-4743-80F3-5062857738D4}.Debug|Any CPU.ActiveCfg = Debug|Any CPU
		{23C693C7-EE57-4743-80F3-5062857738D4}.Debug|Any CPU.Build.0 = Debug|Any CPU
		{23C693C7-EE57-4743-80F3-5062857738D4}.Release|Any CPU.ActiveCfg = Release|Any CPU
		{23C693C7-EE57-4743-80F3-5062857738D4}.Release|Any CPU.Build.0 = Release|Any CPU
		{C81ECFD0-FE23-4D11-9177-604AD96FD1EF}.Debug|Any CPU.ActiveCfg = Debug|Any CPU
		{C81ECFD0-FE23-4D11-9177-604AD96FD1EF}.Debug|Any CPU.Build.0 = Debug|Any CPU
		{C81ECFD0-FE23-4D11-9177-604AD96FD1EF}.Release|Any CPU.ActiveCfg = Release|Any CPU
		{C81ECFD0-FE23-4D11-9177-604AD96FD1EF}.Release|Any CPU.Build.0 = Release|Any CPU
		{25E02F6C-BEE4-496B-AEB8-09CD9E3C2DFE}.Debug|Any CPU.ActiveCfg = Debug|Any CPU
		{25E02F6C-BEE4-496B-AEB8-09CD9E3C2DFE}.Debug|Any CPU.Build.0 = Debug|Any CPU
		{25E02F6C-BEE4-496B-AEB8-09CD9E3C2DFE}.Release|Any CPU.ActiveCfg = Release|Any CPU
		{25E02F6C-BEE4-496B-AEB8-09CD9E3C2DFE}.Release|Any CPU.Build.0 = Release|Any CPU
		{17B638F4-E65F-41B5-B666-B9A27F1A4A5C}.Debug|Any CPU.ActiveCfg = Debug|Any CPU
		{17B638F4-E65F-41B5-B666-B9A27F1A4A5C}.Debug|Any CPU.Build.0 = Debug|Any CPU
		{17B638F4-E65F-41B5-B666-B9A27F1A4A5C}.Release|Any CPU.ActiveCfg = Release|Any CPU
		{17B638F4-E65F-41B5-B666-B9A27F1A4A5C}.Release|Any CPU.Build.0 = Release|Any CPU
		{8D24762C-4942-43ED-A272-FFAE7FEC1299}.Debug|Any CPU.ActiveCfg = Debug|Any CPU
		{8D24762C-4942-43ED-A272-FFAE7FEC1299}.Debug|Any CPU.Build.0 = Debug|Any CPU
		{8D24762C-4942-43ED-A272-FFAE7FEC1299}.Release|Any CPU.ActiveCfg = Release|Any CPU
		{8D24762C-4942-43ED-A272-FFAE7FEC1299}.Release|Any CPU.Build.0 = Release|Any CPU
		{D7D7644C-8143-4354-85C4-2940CCC97DDC}.Debug|Any CPU.ActiveCfg = Debug|Any CPU
		{D7D7644C-8143-4354-85C4-2940CCC97DDC}.Debug|Any CPU.Build.0 = Debug|Any CPU
		{D7D7644C-8143-4354-85C4-2940CCC97DDC}.Release|Any CPU.ActiveCfg = Release|Any CPU
		{D7D7644C-8143-4354-85C4-2940CCC97DDC}.Release|Any CPU.Build.0 = Release|Any CPU
		{C8DB76E9-8BAE-4A6F-81D4-F17ADBBF2245}.Debug|Any CPU.ActiveCfg = Debug|Any CPU
		{C8DB76E9-8BAE-4A6F-81D4-F17ADBBF2245}.Debug|Any CPU.Build.0 = Debug|Any CPU
		{C8DB76E9-8BAE-4A6F-81D4-F17ADBBF2245}.Release|Any CPU.ActiveCfg = Release|Any CPU
		{C8DB76E9-8BAE-4A6F-81D4-F17ADBBF2245}.Release|Any CPU.Build.0 = Release|Any CPU
	EndGlobalSection
	GlobalSection(SolutionProperties) = preSolution
		HideSolutionNode = FALSE
	EndGlobalSection
	GlobalSection(ExtensibilityGlobals) = postSolution
		SolutionGuid = {8CAA104B-0411-4E22-9FC4-9C073B16E960}
	EndGlobalSection
EndGlobal
